
Microsoft Visual Studio Solution File, Format Version 12.00
# Visual Studio Version 16
VisualStudioVersion = 16.0.29728.190
MinimumVisualStudioVersion = 10.0.40219.1
Project("{FAE04EC0-301F-11D3-BF4B-00C04F79EFBC}") = "Farneti.michele.4h.complesso", "Farneti.michele.4h.complesso.csproj", "{F47C43EE-927E-4678-B8A7-2ADEAEAC9E2A}"
EndProject
Global
	GlobalSection(SolutionConfigurationPlatforms) = preSolution
		Debug|Any CPU = Debug|Any CPU
		Release|Any CPU = Release|Any CPU
	EndGlobalSection
	GlobalSection(ProjectConfigurationPlatforms) = postSolution
		{F47C43EE-927E-4678-B8A7-2ADEAEAC9E2A}.Debug|Any CPU.ActiveCfg = Debug|Any CPU
		{F47C43EE-927E-4678-B8A7-2ADEAEAC9E2A}.Debug|Any CPU.Build.0 = Debug|Any CPU
		{F47C43EE-927E-4678-B8A7-2ADEAEAC9E2A}.Release|Any CPU.ActiveCfg = Release|Any CPU
		{F47C43EE-927E-4678-B8A7-2ADEAEAC9E2A}.Release|Any CPU.Build.0 = Release|Any CPU
	EndGlobalSection
	GlobalSection(SolutionProperties) = preSolution
		HideSolutionNode = FALSE
	EndGlobalSection
	GlobalSection(ExtensibilityGlobals) = postSolution
		SolutionGuid = {6D21C40D-678F-4508-9255-3FBC3C39954C}
	EndGlobalSection
EndGlobal
